
Microsoft Visual Studio Solution File, Format Version 12.00
# Visual Studio Version 17
VisualStudioVersion = 17.0.31903.59
MinimumVisualStudioVersion = 10.0.40219.1
Project("{2150E333-8FDC-42A3-9474-1A3956D46DE8}") = "src", "src", "{69ECA4F0-5532-4737-AB97-51AE1EE08A22}"
EndProject
Project("{2150E333-8FDC-42A3-9474-1A3956D46DE8}") = "backend", "backend", "{37CB661C-1A9D-498E-81FE-83D5A9522A4D}"
EndProject
Project("{FAE04EC0-301F-11D3-BF4B-00C04F79EFBC}") = "SimpleAdmin.WebApi", "src\backend\SimpleAdmin\SimpleAdmin.WebApi\SimpleAdmin.WebApi.csproj", "{047FF32B-D3D1-4644-A91F-48F333CD6E83}"
EndProject
Project("{2150E333-8FDC-42A3-9474-1A3956D46DE8}") = "frontend", "frontend", "{C4DFDE29-20D6-4AFA-AC1E-985C8FB10DCA}"
EndProject
Project("{FAE04EC0-301F-11D3-BF4B-00C04F79EFBC}") = "SimpleAdmin.AdminUI", "src\frontend\admin-ui\SimpleAdmin.AdminUI.csproj", "{3E37E4E6-D90D-4A45-987D-C07AFA540BEE}"
EndProject
Project("{FAE04EC0-301F-11D3-BF4B-00C04F79EFBC}") = "SimpleAdmin.SwaggerUI", "src\frontend\swagger-ui\SimpleAdmin.SwaggerUI.csproj", "{033A153E-9170-4717-8783-FCCD5121CF50}"
EndProject
Global
	GlobalSection(SolutionConfigurationPlatforms) = preSolution
		Debug|Any CPU = Debug|Any CPU
		Release|Any CPU = Release|Any CPU
	EndGlobalSection
	GlobalSection(SolutionProperties) = preSolution
		HideSolutionNode = FALSE
	EndGlobalSection
	GlobalSection(NestedProjects) = preSolution
		{37CB661C-1A9D-498E-81FE-83D5A9522A4D} = {69ECA4F0-5532-4737-AB97-51AE1EE08A22}
		{047FF32B-D3D1-4644-A91F-48F333CD6E83} = {37CB661C-1A9D-498E-81FE-83D5A9522A4D}
		{C4DFDE29-20D6-4AFA-AC1E-985C8FB10DCA} = {69ECA4F0-5532-4737-AB97-51AE1EE08A22}
		{3E37E4E6-D90D-4A45-987D-C07AFA540BEE} = {C4DFDE29-20D6-4AFA-AC1E-985C8FB10DCA}
		{033A153E-9170-4717-8783-FCCD5121CF50} = {C4DFDE29-20D6-4AFA-AC1E-985C8FB10DCA}
	EndGlobalSection
	GlobalSection(ProjectConfigurationPlatforms) = postSolution
		{047FF32B-D3D1-4644-A91F-48F333CD6E83}.Debug|Any CPU.ActiveCfg = Debug|Any CPU
		{047FF32B-D3D1-4644-A91F-48F333CD6E83}.Debug|Any CPU.Build.0 = Debug|Any CPU
		{047FF32B-D3D1-4644-A91F-48F333CD6E83}.Release|Any CPU.ActiveCfg = Release|Any CPU
		{047FF32B-D3D1-4644-A91F-48F333CD6E83}.Release|Any CPU.Build.0 = Release|Any CPU
		{3E37E4E6-D90D-4A45-987D-C07AFA540BEE}.Debug|Any CPU.ActiveCfg = Debug|Any CPU
		{3E37E4E6-D90D-4A45-987D-C07AFA540BEE}.Debug|Any CPU.Build.0 = Debug|Any CPU
		{3E37E4E6-D90D-4A45-987D-C07AFA540BEE}.Release|Any CPU.ActiveCfg = Release|Any CPU
		{3E37E4E6-D90D-4A45-987D-C07AFA540BEE}.Release|Any CPU.Build.0 = Release|Any CPU
		{033A153E-9170-4717-8783-FCCD5121CF50}.Debug|Any CPU.ActiveCfg = Debug|Any CPU
		{033A153E-9170-4717-8783-FCCD5121CF50}.Debug|Any CPU.Build.0 = Debug|Any CPU
		{033A153E-9170-4717-8783-FCCD5121CF50}.Release|Any CPU.ActiveCfg = Release|Any CPU
		{033A153E-9170-4717-8783-FCCD5121CF50}.Release|Any CPU.Build.0 = Release|Any CPU
	EndGlobalSection
EndGlobal
